PODS:
  - AESwiftWorking (0.1.0)
  - Alamofire (5.5.0)
  - Charts (3.6.0):
    - Charts/Core (= 3.6.0)
  - Charts/Core (3.6.0)
  - CocoaAsyncSocket (7.6.5)
  - CryptoSwift (1.3.8)
  - EmptyDataSet-Swift (5.0.0)
  - IQKeyboardManagerSwift (6.5.6)
  - KakaJSON (1.1.2)
  - PKHUD (5.3.0)
  - RxCocoa (6.1.0):
    - RxRelay (= 6.1.0)
    - RxSwift (= 6.1.0)
  - RxRelay (6.1.0):
    - RxSwift (= 6.1.0)
  - RxSwift (6.1.0)
  - SnapKit (5.0.1)
  - SwiftForms (1.8.2)
  - SwiftyJSON (5.0.1)
  - XLForm (4.3.0)

DEPENDENCIES:
  - AESwiftWorking (from `../`)
  - Alamofire (~> 5.5.0)
  - Charts (~> 3.6.0)
  - CocoaAsyncSocket (~> 7.6.5)
  - CryptoSwift (~> 1.3.8)
  - EmptyDataSet-Swift (~> 5.0.0)
  - IQKeyboardManagerSwift (~> 6.5.6)
  - KakaJSON (~> 1.1.2)
  - PKHUD (~> 5.3.0)
  - RxCocoa (~> 6.1.0)
  - RxSwift (~> 6.1.0)
  - SnapKit (~> 5.0.1)
  - SwiftForms (~> 1.8.2)
  - SwiftyJSON
  - XLForm (~> 4.3.0)

SPEC REPOS:
  trunk:
    - Alamofire
    - Charts
    - CocoaAsyncSocket
    - CryptoSwift
    - EmptyDataSet-Swift
    - IQKeyboardManagerSwift
    - KakaJSON
    - PKHUD
    - RxCocoa
    - RxRelay
    - RxSwift
    - SnapKit
    - SwiftForms
    - SwiftyJSON
    - XLForm

EXTERNAL SOURCES:
  AESwiftWorking:
    :path: "../"

SPEC CHECKSUMS:
  AESwiftWorking: 93d01c6b157fde832c562c165482317dcb3286ba
  Alamofire: 1c4fb5369c3fe93d2857c780d8bbe09f06f97e7c
  Charts: b1e3a1f5a1c9ba5394438ca3b91bd8c9076310af
  CocoaAsyncSocket: 065fd1e645c7abab64f7a6a2007a48038fdc6a99
  CryptoSwift: 01b0f0cba1d5c212e5a335ff6c054fb75a204f00
  EmptyDataSet-Swift: eb382c0c87a2d9c678077385a595cec52da38171
  IQKeyboardManagerSwift: c7df9d2deb356c04522f5c4b7b6e4ce4d8ed94fe
  KakaJSON: cc5ff50a8c1cfbb09413db8496cb709a209e6137
  PKHUD: 98f3e4bc904b9c916f1c5bb6d765365b5357291b
  RxCocoa: 5c51f02d562cbd94629f6c26cf0c80fe4ab8d343
  RxRelay: 483e1a19fad961b41f0b0c0bee506f46c1ae14fe
  RxSwift: a834e5c538e89eca0cae86f403f4fbf0336786ce
  SnapKit: 97b92857e3df3a0c71833cce143274bf6ef8e5eb
  SwiftForms: f0d4d30401e21de87d9b7b63a4691a3d4e22bab5
  SwiftyJSON: 2f33a42c6fbc52764d96f13368585094bfd8aa5e
  XLForm: a439f9512078ed538e8335c8b06d3f3286bbfd37

PODFILE CHECKSUM: ad3e98a9d1b4f5cd07aa7c4b49d6a9b404b16cc3

COCOAPODS: 1.11.0
